
Microsoft Visual Studio Solution File, Format Version 12.00
# Visual Studio Version 17
VisualStudioVersion = 17.0.31903.59
MinimumVisualStudioVersion = 10.0.40219.1
Project("{FAE04EC0-301F-11D3-BF4B-00C04F79EFBC}") = "RaspberryAwardAPI", "RaspberryAwardAPI\RaspberryAwardAPI.csproj", "{CF803BA5-B0B1-4DC5-80E0-6709F4893803}"
EndProject
Global
	GlobalSection(SolutionConfigurationPlatforms) = preSolution
		Debug|Any CPU = Debug|Any CPU
		Release|Any CPU = Release|Any CPU
	EndGlobalSection
	GlobalSection(SolutionProperties) = preSolution
		HideSolutionNode = FALSE
	EndGlobalSection
	GlobalSection(ProjectConfigurationPlatforms) = postSolution
		{CF803BA5-B0B1-4DC5-80E0-6709F4893803}.Debug|Any CPU.ActiveCfg = Debug|Any CPU
		{CF803BA5-B0B1-4DC5-80E0-6709F4893803}.Debug|Any CPU.Build.0 = Debug|Any CPU
		{CF803BA5-B0B1-4DC5-80E0-6709F4893803}.Release|Any CPU.ActiveCfg = Release|Any CPU
		{CF803BA5-B0B1-4DC5-80E0-6709F4893803}.Release|Any CPU.Build.0 = Release|Any CPU
	EndGlobalSection
EndGlobal
